
Microsoft Visual Studio Solution File, Format Version 12.00
# Visual Studio Version 16
VisualStudioVersion = 16.0.31321.278
MinimumVisualStudioVersion = 10.0.40219.1
Project("{FAE04EC0-301F-11D3-BF4B-00C04F79EFBC}") = "Entities", "Entities\Entities.csproj", "{C5A3EC81-ABFB-48C9-AFE7-F64541603BE9}"
EndProject
Project("{FAE04EC0-301F-11D3-BF4B-00C04F79EFBC}") = "DataAccess", "DataAccess\DataAccess.csproj", "{22EE2AFA-FE94-43D5-823E-9597A9C17802}"
EndProject
Project("{FAE04EC0-301F-11D3-BF4B-00C04F79EFBC}") = "Core", "Core\Core.csproj", "{8BD994FE-3C90-42B5-A20D-D743DC21BCED}"
EndProject
Project("{FAE04EC0-301F-11D3-BF4B-00C04F79EFBC}") = "Business", "Business\Business.csproj", "{7132AACD-B33F-43BB-B051-C42ADD4635EF}"
EndProject
Project("{FAE04EC0-301F-11D3-BF4B-00C04F79EFBC}") = "WebAPI", "WebAPI\WebAPI.csproj", "{DDD29455-30D8-4B40-BCD0-5F58B9DE2FED}"
EndProject
Global
	GlobalSection(SolutionConfigurationPlatforms) = preSolution
		Debug|Any CPU = Debug|Any CPU
		Release|Any CPU = Release|Any CPU
	EndGlobalSection
	GlobalSection(ProjectConfigurationPlatforms) = postSolution
		{C5A3EC81-ABFB-48C9-AFE7-F64541603BE9}.Debug|Any CPU.ActiveCfg = Debug|Any CPU
		{C5A3EC81-ABFB-48C9-AFE7-F64541603BE9}.Debug|Any CPU.Build.0 = Debug|Any CPU
		{C5A3EC81-ABFB-48C9-AFE7-F64541603BE9}.Release|Any CPU.ActiveCfg = Release|Any CPU
		{C5A3EC81-ABFB-48C9-AFE7-F64541603BE9}.Release|Any CPU.Build.0 = Release|Any CPU
		{22EE2AFA-FE94-43D5-823E-9597A9C17802}.Debug|Any CPU.ActiveCfg = Debug|Any CPU
		{22EE2AFA-FE94-43D5-823E-9597A9C17802}.Debug|Any CPU.Build.0 = Debug|Any CPU
		{22EE2AFA-FE94-43D5-823E-9597A9C17802}.Release|Any CPU.ActiveCfg = Release|Any CPU
		{22EE2AFA-FE94-43D5-823E-9597A9C17802}.Release|Any CPU.Build.0 = Release|Any CPU
		{8BD994FE-3C90-42B5-A20D-D743DC21BCED}.Debug|Any CPU.ActiveCfg = Debug|Any CPU
		{8BD994FE-3C90-42B5-A20D-D743DC21BCED}.Debug|Any CPU.Build.0 = Debug|Any CPU
		{8BD994FE-3C90-42B5-A20D-D743DC21BCED}.Release|Any CPU.ActiveCfg = Release|Any CPU
		{8BD994FE-3C90-42B5-A20D-D743DC21BCED}.Release|Any CPU.Build.0 = Release|Any CPU
		{7132AACD-B33F-43BB-B051-C42ADD4635EF}.Debug|Any CPU.ActiveCfg = Debug|Any CPU
		{7132AACD-B33F-43BB-B051-C42ADD4635EF}.Debug|Any CPU.Build.0 = Debug|Any CPU
		{7132AACD-B33F-43BB-B051-C42ADD4635EF}.Release|Any CPU.ActiveCfg = Release|Any CPU
		{7132AACD-B33F-43BB-B051-C42ADD4635EF}.Release|Any CPU.Build.0 = Release|Any CPU
		{DDD29455-30D8-4B40-BCD0-5F58B9DE2FED}.Debug|Any CPU.ActiveCfg = Debug|Any CPU
		{DDD29455-30D8-4B40-BCD0-5F58B9DE2FED}.Debug|Any CPU.Build.0 = Debug|Any CPU
		{DDD29455-30D8-4B40-BCD0-5F58B9DE2FED}.Release|Any CPU.ActiveCfg = Release|Any CPU
		{DDD29455-30D8-4B40-BCD0-5F58B9DE2FED}.Release|Any CPU.Build.0 = Release|Any CPU
	EndGlobalSection
	GlobalSection(SolutionProperties) = preSolution
		HideSolutionNode = FALSE
	EndGlobalSection
	GlobalSection(ExtensibilityGlobals) = postSolution
		SolutionGuid = {1BC221F9-C8F1-45E2-86E6-4751A14D2837}
	EndGlobalSection
EndGlobal
